
Microsoft Visual Studio Solution File, Format Version 12.00
# Visual Studio Version 17
VisualStudioVersion = 17.14.36301.6 d17.14
MinimumVisualStudioVersion = 10.0.40219.1
Project("{FAE04EC0-301F-11D3-BF4B-00C04F79EFBC}") = "Lot Size Calculator", "Lot Size Calculator\Lot Size Calculator.csproj", "{EE07F528-1955-4F48-91D8-9815BB198BDC}"
EndProject
Global
	GlobalSection(SolutionConfigurationPlatforms) = preSolution
		Debug|Any CPU = Debug|Any CPU
		Release|Any CPU = Release|Any CPU
	EndGlobalSection
	GlobalSection(ProjectConfigurationPlatforms) = postSolution
		{EE07F528-1955-4F48-91D8-9815BB198BDC}.Debug|Any CPU.ActiveCfg = Debug|Any CPU
		{EE07F528-1955-4F48-91D8-9815BB198BDC}.Debug|Any CPU.Build.0 = Debug|Any CPU
		{EE07F528-1955-4F48-91D8-9815BB198BDC}.Release|Any CPU.ActiveCfg = Release|Any CPU
		{EE07F528-1955-4F48-91D8-9815BB198BDC}.Release|Any CPU.Build.0 = Release|Any CPU
	EndGlobalSection
	GlobalSection(SolutionProperties) = preSolution
		HideSolutionNode = FALSE
	EndGlobalSection
	GlobalSection(ExtensibilityGlobals) = postSolution
		SolutionGuid = {6ADD94E9-71AC-483A-A506-52D4950C2FB6}
	EndGlobalSection
EndGlobal
